
Microsoft Visual Studio Solution File, Format Version 12.00
# Visual Studio Version 17
VisualStudioVersion = 17.10.35122.118
MinimumVisualStudioVersion = 10.0.40219.1
Project("{FAE04EC0-301F-11D3-BF4B-00C04F79EFBC}") = "MVCTask2", "MVCTask2\MVCTask2.csproj", "{C3DA236F-4DC8-4379-B93F-58EBB555708B}"
EndProject
Global
	GlobalSection(SolutionConfigurationPlatforms) = preSolution
		Debug|Any CPU = Debug|Any CPU
		Release|Any CPU = Release|Any CPU
	EndGlobalSection
	GlobalSection(ProjectConfigurationPlatforms) = postSolution
		{C3DA236F-4DC8-4379-B93F-58EBB555708B}.Debug|Any CPU.ActiveCfg = Debug|Any CPU
		{C3DA236F-4DC8-4379-B93F-58EBB555708B}.Debug|Any CPU.Build.0 = Debug|Any CPU
		{C3DA236F-4DC8-4379-B93F-58EBB555708B}.Release|Any CPU.ActiveCfg = Release|Any CPU
		{C3DA236F-4DC8-4379-B93F-58EBB555708B}.Release|Any CPU.Build.0 = Release|Any CPU
	EndGlobalSection
	GlobalSection(SolutionProperties) = preSolution
		HideSolutionNode = FALSE
	EndGlobalSection
	GlobalSection(ExtensibilityGlobals) = postSolution
		SolutionGuid = {DE2A4DF8-E3E4-4222-9843-1927B9B6E2B4}
	EndGlobalSection
EndGlobal
